
Microsoft Visual Studio Solution File, Format Version 12.00
# Visual Studio 2012
Project("{FAE04EC0-301F-11D3-BF4B-00C04F79EFBC}") = "Tim.TsPlayground.App", "Tim.TsPlayground.App\Tim.TsPlayground.App.csproj", "{6389E4FB-148D-48F3-9094-C2884447B03D}"
	ProjectSection(ProjectDependencies) = postProject
		{50985C2D-CFD8-4537-B42A-AFAC6CB16B1B} = {50985C2D-CFD8-4537-B42A-AFAC6CB16B1B}
	EndProjectSection
EndProject
Project("{FAE04EC0-301F-11D3-BF4B-00C04F79EFBC}") = "Tim.TsPlayground.Library", "Tim.TsPlayground.Library\Tim.TsPlayground.Library.csproj", "{50985C2D-CFD8-4537-B42A-AFAC6CB16B1B}"
EndProject
Project("{FAE04EC0-301F-11D3-BF4B-00C04F79EFBC}") = "Tim.TsPlayground.Tests", "Tim.TsPlayground.Tests\Tim.TsPlayground.Tests.csproj", "{1F8C2073-8EA8-4DD7-8A9B-611BBBF057E5}"
EndProject
Global
	GlobalSection(SolutionConfigurationPlatforms) = preSolution
		Debug|Any CPU = Debug|Any CPU
		Release|Any CPU = Release|Any CPU
	EndGlobalSection
	GlobalSection(ProjectConfigurationPlatforms) = postSolution
		{6389E4FB-148D-48F3-9094-C2884447B03D}.Debug|Any CPU.ActiveCfg = Debug|Any CPU
		{6389E4FB-148D-48F3-9094-C2884447B03D}.Debug|Any CPU.Build.0 = Debug|Any CPU
		{6389E4FB-148D-48F3-9094-C2884447B03D}.Release|Any CPU.ActiveCfg = Release|Any CPU
		{6389E4FB-148D-48F3-9094-C2884447B03D}.Release|Any CPU.Build.0 = Release|Any CPU
		{50985C2D-CFD8-4537-B42A-AFAC6CB16B1B}.Debug|Any CPU.ActiveCfg = Debug|Any CPU
		{50985C2D-CFD8-4537-B42A-AFAC6CB16B1B}.Debug|Any CPU.Build.0 = Debug|Any CPU
		{50985C2D-CFD8-4537-B42A-AFAC6CB16B1B}.Release|Any CPU.ActiveCfg = Release|Any CPU
		{50985C2D-CFD8-4537-B42A-AFAC6CB16B1B}.Release|Any CPU.Build.0 = Release|Any CPU
		{1F8C2073-8EA8-4DD7-8A9B-611BBBF057E5}.Debug|Any CPU.ActiveCfg = Debug|Any CPU
		{1F8C2073-8EA8-4DD7-8A9B-611BBBF057E5}.Debug|Any CPU.Build.0 = Debug|Any CPU
		{1F8C2073-8EA8-4DD7-8A9B-611BBBF057E5}.Release|Any CPU.ActiveCfg = Release|Any CPU
		{1F8C2073-8EA8-4DD7-8A9B-611BBBF057E5}.Release|Any CPU.Build.0 = Release|Any CPU
	EndGlobalSection
	GlobalSection(SolutionProperties) = preSolution
		HideSolutionNode = FALSE
	EndGlobalSection
EndGlobal
